// !$*UTF8*$!
{
	archiveVersion = 1;
	classes = {
	};
	objectVersion = 46;
	objects = {

/* Begin PBXBuildFile section */
		519731E71A9F006C0014A76D /* AppDelegate.swift in Sources */ = {isa = PBXBuildFile; fileRef = 519731E61A9F006C0014A76D /* AppDelegate.swift */; };
		519731E91A9F006C0014A76D /* ViewController.swift in Sources */ = {isa = PBXBuildFile; fileRef = 519731E81A9F006C0014A76D /* ViewController.swift */; };
		519731EC1A9F006C0014A76D /* Main.storyboard in Resources */ = {isa = PBXBuildFile; fileRef = 519731EA1A9F006C0014A76D /* Main.storyboard */; };
		519731EE1A9F006C0014A76D /* Images.xcassets in Resources */ = {isa = PBXBuildFile; fileRef = 519731ED1A9F006C0014A76D /* Images.xcassets */; };
		519731F11A9F006C0014A76D /* LaunchScreen.xib in Resources */ = {isa = PBXBuildFile; fileRef = 519731EF1A9F006C0014A76D /* LaunchScreen.xib */; };
		519731FD1A9F006C0014A76D /* ProfileTests.swift in Sources */ = {isa = PBXBuildFile; fileRef = 519731FC1A9F006C0014A76D /* ProfileTests.swift */; };
/* End PBXBuildFile section */

/* Begin PBXContainerItemProxy section */
		519731F71A9F006C0014A76D /* PBXContainerItemProxy */ = {
			isa = PBXContainerItemProxy;
			containerPortal = 519731D91A9F006C0014A76D /* Project object */;
			proxyType = 1;
			remoteGlobalIDString = 519731E01A9F006C0014A76D;
			remoteInfo = Profile;
		};
/* End PBXContainerItemProxy section */

/* Begin PBXFileReference section */
		519731E11A9F006C0014A76D /* Profile.app */ = {isa = PBXFileReference; explicitFileType = wrapper.application; includeInIndex = 0; path = Profile.app; sourceTree = BUILT_PRODUCTS_DIR; };
		519731E51A9F006C0014A76D /* Info.plist */ = {isa = PBXFileReference; lastKnownFileType = text.plist.xml; path = Info.plist; sourceTree = "<group>"; };
		519731E61A9F006C0014A76D /* AppDelegate.swift */ = {isa = PBXFileReference; lastKnownFileType = sourcecode.swift; path = AppDelegate.swift; sourceTree = "<group>"; };
		519731E81A9F006C0014A76D /* ViewController.swift */ = {isa = PBXFileReference; lastKnownFileType = sourcecode.swift; path = ViewController.swift; sourceTree = "<group>"; };
		519731EB1A9F006C0014A76D /* Base */ = {isa = PBXFileReference; lastKnownFileType = file.storyboard; name = Base; path = Base.lproj/Main.storyboard; sourceTree = "<group>"; };
		519731ED1A9F006C0014A76D /* Images.xcassets */ = {isa = PBXFileReference; lastKnownFileType = folder.assetcatalog; path = Images.xcassets; sourceTree = "<group>"; };
		519731F01A9F006C0014A76D /* Base */ = {isa = PBXFileReference; lastKnownFileType = file.xib; name = Base; path = Base.lproj/LaunchScreen.xib; sourceTree = "<group>"; };
		519731F61A9F006C0014A76D /* ProfileTests.xctest */ = {isa = PBXFileReference; explicitFileType = wrapper.cfbundle; includeInIndex = 0; path = ProfileTests.xctest; sourceTree = BUILT_PRODUCTS_DIR; };
		519731FB1A9F006C0014A76D /* Info.plist */ = {isa = PBXFileReference; lastKnownFileType = text.plist.xml; path = Info.plist; sourceTree = "<group>"; };
		519731FC1A9F006C0014A76D /* ProfileTests.swift */ = {isa = PBXFileReference; lastKnownFileType = sourcecode.swift; path = ProfileTests.swift; sourceTree = "<group>"; };
/* End PBXFileReference section */

/* Begin PBXFrameworksBuildPhase section */
		519731DE1A9F006C0014A76D /* Frameworks */ = {
			isa = PBXFrameworksBuildPhase;
			buildActionMask = 2147483647;
			files = (
			);
			runOnlyForDeploymentPostprocessing = 0;
		};
		519731F31A9F006C0014A76D /* Frameworks */ = {
			isa = PBXFrameworksBuildPhase;
			buildActionMask = 2147483647;
			files = (
			);
			runOnlyForDeploymentPostprocessing = 0;
		};
/* End PBXFrameworksBuildPhase section */

/* Begin PBXGroup section */
		519731D81A9F006C0014A76D = {
			isa = PBXGroup;
			children = (
				519731E31A9F006C0014A76D /* Profile */,
				519731F91A9F006C0014A76D /* ProfileTests */,
				519731E21A9F006C0014A76D /* Products */,
			);
			sourceTree = "<group>";
		};
		519731E21A9F006C0014A76D /* Products */ = {
			isa = PBXGroup;
			children = (
				519731E11A9F006C0014A76D /* Profile.app */,
				519731F61A9F006C0014A76D /* ProfileTests.xctest */,
			);
			name = Products;
			sourceTree = "<group>";
		};
		519731E31A9F006C0014A76D /* Profile */ = {
			isa = PBXGroup;
			children = (
				519731E61A9F006C0014A76D /* AppDelegate.swift */,
				519731E81A9F006C0014A76D /* ViewController.swift */,
				519731EA1A9F006C0014A76D /* Main.storyboard */,
				519731ED1A9F006C0014A76D /* Images.xcassets */,
				519731EF1A9F006C0014A76D /* LaunchScreen.xib */,
				519731E41A9F006C0014A76D /* Supporting Files */,
			);
			path = Profile;
			sourceTree = "<group>";
		};
		519731E41A9F006C0014A76D /* Supporting Files */ = {
			isa = PBXGroup;
			children = (
				519731E51A9F006C0014A76D /* Info.plist */,
			);
			name = "Supporting Files";
			sourceTree = "<group>";
		};
		519731F91A9F006C0014A76D /* ProfileTests */ = {
			isa = PBXGroup;
			children = (
				519731FC1A9F006C0014A76D /* ProfileTests.swift */,
				519731FA1A9F006C0014A76D /* Supporting Files */,
			);
			path = ProfileTests;
			sourceTree = "<group>";
		};
		519731FA1A9F006C0014A76D /* Supporting Files */ = {
			isa = PBXGroup;
			children = (
				519731FB1A9F006C0014A76D /* Info.plist */,
			);
			name = "Supporting Files";
			sourceTree = "<group>";
		};
/* End PBXGroup section */

/* Begin PBXNativeTarget section */
		519731E01A9F006C0014A76D /* Profile */ = {
			isa = PBXNativeTarget;
			buildConfigurationList = 519732001A9F006C0014A76D /* Build configuration list for PBXNativeTarget "Profile" */;
			buildPhases = (
				519731DD1A9F006C0014A76D /* Sources */,
				519731DE1A9F006C0014A76D /* Frameworks */,
				519731DF1A9F006C0014A76D /* Resources */,
			);
			buildRules = (
			);
			dependencies = (
			);
			name = Profile;
			productName = Profile;
			productReference = 519731E11A9F006C0014A76D /* Profile.app */;
			productType = "com.apple.product-type.application";
		};
		519731F51A9F006C0014A76D /* ProfileTests */ = {
			isa = PBXNativeTarget;
			buildConfigurationList = 519732031A9F006C0014A76D /* Build configuration list for PBXNativeTarget "ProfileTests" */;
			buildPhases = (
				519731F21A9F006C0014A76D /* Sources */,
				519731F31A9F006C0014A76D /* Frameworks */,
				519731F41A9F006C0014A76D /* Resources */,
			);
			buildRules = (
			);
			dependencies = (
				519731F81A9F006C0014A76D /* PBXTargetDependency */,
			);
			name = ProfileTests;
			productName = ProfileTests;
			productReference = 519731F61A9F006C0014A76D /* ProfileTests.xctest */;
			productType = "com.apple.product-type.bundle.unit-test";
		};
/* End PBXNativeTarget section */

/* Begin PBXProject section */
		519731D91A9F006C0014A76D /* Project object */ = {
			isa = PBXProject;
			attributes = {
				LastUpgradeCheck = 0610;
				ORGANIZATIONNAME = "Philip Jacob";
				TargetAttributes = {
					519731E01A9F006C0014A76D = {
						CreatedOnToolsVersion = 6.1.1;
					};
					519731F51A9F006C0014A76D = {
						CreatedOnToolsVersion = 6.1.1;
						TestTargetID = 519731E01A9F006C0014A76D;
					};
				};
			};
			buildConfigurationList = 519731DC1A9F006C0014A76D /* Build configuration list for PBXProject "Profile" */;
			compatibilityVersion = "Xcode 3.2";
			developmentRegion = English;
			hasScannedForEncodings = 0;
			knownRegions = (
				en,
				Base,
			);
			mainGroup = 519731D81A9F006C0014A76D;
			productRefGroup = 519731E21A9F006C0014A76D /* Products */;
			projectDirPath = "";
			projectRoot = "";
			targets = (
				519731E01A9F006C0014A76D /* Profile */,
				519731F51A9F006C0014A76D /* ProfileTests */,
			);
		};
/* End PBXProject section */

/* Begin PBXResourcesBuildPhase section */
		519731DF1A9F006C0014A76D /* Resources */ = {
			isa = PBXResourcesBuildPhase;
			buildActionMask = 2147483647;
			files = (
				519731EC1A9F006C0014A76D /* Main.storyboard in Resources */,
				519731F11A9F006C0014A76D /* LaunchScreen.xib in Resources */,
				519731EE1A9F006C0014A76D /* Images.xcassets in Resources */,
			);
			runOnlyForDeploymentPostprocessing = 0;
		};
		519731F41A9F006C0014A76D /* Resources */ = {
			isa = PBXResourcesBuildPhase;
			buildActionMask = 2147483647;
			files = (
			);
			runOnlyForDeploymentPostprocessing = 0;
		};
/* End PBXResourcesBuildPhase section */

/* Begin PBXSourcesBuildPhase section */
		519731DD1A9F006C0014A76D /* Sources */ = {
			isa = PBXSourcesBuildPhase;
			buildActionMask = 2147483647;
			files = (
				519731E91A9F006C0014A76D /* ViewController.swift in Sources */,
				519731E71A9F006C0014A76D /* AppDelegate.swift in Sources */,
			);
			runOnlyForDeploymentPostprocessing = 0;
		};
		519731F21A9F006C0014A76D /* Sources */ = {
			isa = PBXSourcesBuildPhase;
			buildActionMask = 2147483647;
			files = (
				519731FD1A9F006C0014A76D /* ProfileTests.swift in Sources */,
			);
			runOnlyForDeploymentPostprocessing = 0;
		};
/* End PBXSourcesBuildPhase section */

/* Begin PBXTargetDependency section */
		519731F81A9F006C0014A76D /* PBXTargetDependency */ = {
			isa = PBXTargetDependency;
			target = 519731E01A9F006C0014A76D /* Profile */;
			targetProxy = 519731F71A9F006C0014A76D /* PBXContainerItemProxy */;
		};
/* End PBXTargetDependency section */

/* Begin PBXVariantGroup section */
		519731EA1A9F006C0014A76D /* Main.storyboard */ = {
			isa = PBXVariantGroup;
			children = (
				519731EB1A9F006C0014A76D /* Base */,
			);
			name = Main.storyboard;
			sourceTree = "<group>";
		};
		519731EF1A9F006C0014A76D /* LaunchScreen.xib */ = {
			isa = PBXVariantGroup;
			children = (
				519731F01A9F006C0014A76D /* Base */,
			);
			name = LaunchScreen.xib;
			sourceTree = "<group>";
		};
/* End PBXVariantGroup section */

/* Begin XCBuildConfiguration section */
		519731FE1A9F006C0014A76D /* Debug */ = {
			isa = XCBuildConfiguration;
			buildSettings = {
				ALWAYS_SEARCH_USER_PATHS = NO;
				CLANG_CXX_LANGUAGE_STANDARD = "gnu++0x";
				CLANG_CXX_LIBRARY = "libc++";
				CLANG_ENABLE_MODULES = YES;
				CLANG_ENABLE_OBJC_ARC = YES;
				CLANG_WARN_BOOL_CONVERSION = YES;
				CLANG_WARN_CONSTANT_CONVERSION = YES;
				CLANG_WARN_DIRECT_OBJC_ISA_USAGE = YES_ERROR;
				CLANG_WARN_EMPTY_BODY = YES;
				CLANG_WARN_ENUM_CONVERSION = YES;
				CLANG_WARN_INT_CONVERSION = YES;
				CLANG_WARN_OBJC_ROOT_CLASS = YES_ERROR;
				CLANG_WARN_UNREACHABLE_CODE = YES;
				CLANG_WARN__DUPLICATE_METHOD_MATCH = YES;
				"CODE_SIGN_IDENTITY[sdk=iphoneos*]" = "iPhone Developer";
				COPY_PHASE_STRIP = NO;
				ENABLE_STRICT_OBJC_MSGSEND = YES;
				GCC_C_LANGUAGE_STANDARD = gnu99;
				GCC_DYNAMIC_NO_PIC = NO;
				GCC_OPTIMIZATION_LEVEL = 0;
				GCC_PREPROCESSOR_DEFINITIONS = (
					"DEBUG=1",
					"$(inherited)",
				);
				GCC_SYMBOLS_PRIVATE_EXTERN = NO;
				GCC_WARN_64_TO_32_BIT_CONVERSION = YES;
				GCC_WARN_ABOUT_RETURN_TYPE = YES_ERROR;
				GCC_WARN_UNDECLARED_SELECTOR = YES;
				GCC_WARN_UNINITIALIZED_AUTOS = YES_AGGRESSIVE;
				GCC_WARN_UNUSED_FUNCTION = YES;
				GCC_WARN_UNUSED_VARIABLE = YES;
				IPHONEOS_DEPLOYMENT_TARGET = 8.1;
				MTL_ENABLE_DEBUG_INFO = YES;
				ONLY_ACTIVE_ARCH = YES;
				SDKROOT = iphoneos;
				SWIFT_OPTIMIZATION_LEVEL = "-Onone";
				TARGETED_DEVICE_FAMILY = "1,2";
			};
			name = Debug;
		};
		519731FF1A9F006C0014A76D /* Release */ = {
			isa = XCBuildConfiguration;
			buildSettings = {
				ALWAYS_SEARCH_USER_PATHS = NO;
				CLANG_CXX_LANGUAGE_STANDARD = "gnu++0x";
				CLANG_CXX_LIBRARY = "libc++";
				CLANG_ENABLE_MODULES = YES;
				CLANG_ENABLE_OBJC_ARC = YES;
				CLANG_WARN_BOOL_CONVERSION = YES;
				CLANG_WARN_CONSTANT_CONVERSION = YES;
				CLANG_WARN_DIRECT_OBJC_ISA_USAGE = YES_ERROR;
				CLANG_WARN_EMPTY_BODY = YES;
				CLANG_WARN_ENUM_CONVERSION = YES;
				CLANG_WARN_INT_CONVERSION = YES;
				CLANG_WARN_OBJC_ROOT_CLASS = YES_ERROR;
				CLANG_WARN_UNREACHABLE_CODE = YES;
				CLANG_WARN__DUPLICATE_METHOD_MATCH = YES;
				"CODE_SIGN_IDENTITY[sdk=iphoneos*]" = "iPhone Developer";
				COPY_PHASE_STRIP = YES;
				ENABLE_NS_ASSERTIONS = NO;
				ENABLE_STRICT_OBJC_MSGSEND = YES;
				GCC_C_LANGUAGE_STANDARD = gnu99;
				GCC_WARN_64_TO_32_BIT_CONVERSION = YES;
				GCC_WARN_ABOUT_RETURN_TYPE = YES_ERROR;
				GCC_WARN_UNDECLARED_SELECTOR = YES;
				GCC_WARN_UNINITIALIZED_AUTOS = YES_AGGRESSIVE;
				GCC_WARN_UNUSED_FUNCTION = YES;
				GCC_WARN_UNUSED_VARIABLE = YES;
				IPHONEOS_DEPLOYMENT_TARGET = 8.1;
				MTL_ENABLE_DEBUG_INFO = NO;
				SDKROOT = iphoneos;
				TARGETED_DEVICE_FAMILY = "1,2";
				VALIDATE_PRODUCT = YES;
			};
			name = Release;
		};
		519732011A9F006C0014A76D /* Debug */ = {
			isa = XCBuildConfiguration;
			buildSettings = {
				ASSETCATALOG_COMPILER_APPICON_NAME = AppIcon;
				INFOPLIST_FILE = Profile/Info.plist;
				LD_RUNPATH_SEARCH_PATHS = "$(inherited) @executable_path/Frameworks";
				PRODUCT_NAME = "$(TARGET_NAME)";
			};
			name = Debug;
		};
		519732021A9F006C0014A76D /* Release */ = {
			isa = XCBuildConfiguration;
			buildSettings = {
				ASSETCATALOG_COMPILER_APPICON_NAME = AppIcon;
				INFOPLIST_FILE = Profile/Info.plist;
				LD_RUNPATH_SEARCH_PATHS = "$(inherited) @executable_path/Frameworks";
				PRODUCT_NAME = "$(TARGET_NAME)";
			};
			name = Release;
		};
		519732041A9F006C0014A76D /* Debug */ = {
			isa = XCBuildConfiguration;
			buildSettings = {
				BUNDLE_LOADER = "$(TEST_HOST)";
				FRAMEWORK_SEARCH_PATHS = (
					"$(SDKROOT)/Developer/Library/Frameworks",
					"$(inherited)",
				);
				GCC_PREPROCESSOR_DEFINITIONS = (
					"DEBUG=1",
					"$(inherited)",
				);
				INFOPLIST_FILE = ProfileTests/Info.plist;
				LD_RUNPATH_SEARCH_PATHS = "$(inherited) @executable_path/Frameworks @loader_path/Frameworks";
				PRODUCT_NAME = "$(TARGET_NAME)";
				TEST_HOST = "$(BUILT_PRODUCTS_DIR)/Profile.app/Profile";
			};
			name = Debug;
		};
		519732051A9F006C0014A76D /* Release */ = {
			isa = XCBuildConfiguration;
			buildSettings = {
				BUNDLE_LOADER = "$(TEST_HOST)";
				FRAMEWORK_SEARCH_PATHS = (
					"$(SDKROOT)/Developer/Library/Frameworks",
					"$(inherited)",
				);
				INFOPLIST_FILE = ProfileTests/Info.plist;
				LD_RUNPATH_SEARCH_PATHS = "$(inherited) @executable_path/Frameworks @loader_path/Frameworks";
				PRODUCT_NAME = "$(TARGET_NAME)";
				TEST_HOST = "$(BUILT_PRODUCTS_DIR)/Profile.app/Profile";
			};
			name = Release;
		};
/* End XCBuildConfiguration section */

/* Begin XCConfigurationList section */
		519731DC1A9F006C0014A76D /* Build configuration list for PBXProject "Profile" */ = {
			isa = XCConfigurationList;
			buildConfigurations = (
				519731FE1A9F006C0014A76D /* Debug */,
				519731FF1A9F006C0014A76D /* Release */,
			);
			defaultConfigurationIsVisible = 0;
			defaultConfigurationName = Release;
		};
		519732001A9F006C0014A76D /* Build configuration list for PBXNativeTarget "Profile" */ = {
			isa = XCConfigurationList;
			buildConfigurations = (
				519732011A9F006C0014A76D /* Debug */,
				519732021A9F006C0014A76D /* Release */,
			);
			defaultConfigurationIsVisible = 0;
		};
		519732031A9F006C0014A76D /* Build configuration list for PBXNativeTarget "ProfileTests" */ = {
			isa = XCConfigurationList;
			buildConfigurations = (
				519732041A9F006C0014A76D /* Debug */,
				519732051A9F006C0014A76D /* Release */,
			);
			defaultConfigurationIsVisible = 0;
		};
/* End XCConfigurationList section */
	};
	rootObject = 519731D91A9F006C0014A76D /* Project object */;
}
